
Microsoft Visual Studio Solution File, Format Version 12.00
# Visual Studio 14
VisualStudioVersion = 14.0.24720.0
MinimumVisualStudioVersion = 10.0.40219.1
Project("{2150E333-8FDC-42A3-9474-1A3956D46DE8}") = "Website", "Website", "{A776F194-95CA-43C8-AE07-6E391511D2D9}"
	ProjectSection(SolutionItems) = preProject
		index.php = index.php
		navigation.php = navigation.php
	EndProjectSection
EndProject
Project("{2150E333-8FDC-42A3-9474-1A3956D46DE8}") = "content", "content", "{5516BF38-52D6-4D13-84AC-A150A6AC6376}"
	ProjectSection(SolutionItems) = preProject
		content\style.css = content\style.css
	EndProjectSection
EndProject
Project("{2150E333-8FDC-42A3-9474-1A3956D46DE8}") = "settings", "settings", "{DDA01DC6-86B6-40FA-B4E1-AE5344D3177A}"
	ProjectSection(SolutionItems) = preProject
		settings\globalsettings.php = settings\globalsettings.php
	EndProjectSection
EndProject
Project("{2150E333-8FDC-42A3-9474-1A3956D46DE8}") = "anime", "anime", "{EDD4EBA9-331C-485C-B021-CCDAD4E86E55}"
	ProjectSection(SolutionItems) = preProject
		anime\index.php = anime\index.php
	EndProjectSection
EndProject
Project("{2150E333-8FDC-42A3-9474-1A3956D46DE8}") = "recommendations", "recommendations", "{2ADCC789-8F43-4303-9514-39617A9CAB44}"
	ProjectSection(SolutionItems) = preProject
		anime\recommendations\index.php = anime\recommendations\index.php
	EndProjectSection
EndProject
Global
	GlobalSection(SolutionProperties) = preSolution
		HideSolutionNode = FALSE
	EndGlobalSection
	GlobalSection(NestedProjects) = preSolution
		{5516BF38-52D6-4D13-84AC-A150A6AC6376} = {A776F194-95CA-43C8-AE07-6E391511D2D9}
		{DDA01DC6-86B6-40FA-B4E1-AE5344D3177A} = {A776F194-95CA-43C8-AE07-6E391511D2D9}
		{EDD4EBA9-331C-485C-B021-CCDAD4E86E55} = {A776F194-95CA-43C8-AE07-6E391511D2D9}
		{2ADCC789-8F43-4303-9514-39617A9CAB44} = {EDD4EBA9-331C-485C-B021-CCDAD4E86E55}
	EndGlobalSection
EndGlobal
